// !$*UTF8*$!
{
	archiveVersion = 1;
	classes = {
	};
	objectVersion = 56;
	objects = {

/* Begin PBXBuildFile section */
		1A234567890A0001 /* EventAIApp.swift in Sources */ = {isa = PBXBuildFile; fileRef = 1A234567890A0000 /* EventAIApp.swift */; };
		1A234567890A0003 /* ContentView.swift in Sources */ = {isa = PBXBuildFile; fileRef = 1A234567890A0002 /* ContentView.swift */; };
		1A234567890A0005 /* Assets.xcassets in Resources */ = {isa = PBXBuildFile; fileRef = 1A234567890A0004 /* Assets.xcassets */; };
		1A234567890A0008 /* Preview Assets.xcassets in Resources */ = {isa = PBXBuildFile; fileRef = 1A234567890A0007 /* Preview Assets.xcassets */; };
		1A234567890A0010 /* APIService.swift in Sources */ = {isa = PBXBuildFile; fileRef = 1A234567890A000F /* APIService.swift */; };
		1A234567890A0012 /* CalendarService.swift in Sources */ = {isa = PBXBuildFile; fileRef = 1A234567890A0011 /* CalendarService.swift */; };
		1A234567890A0014 /* AdService.swift in Sources */ = {isa = PBXBuildFile; fileRef = 1A234567890A0013 /* AdService.swift */; };
		1A234567890A0016 /* LocationService.swift in Sources */ = {isa = PBXBuildFile; fileRef = 1A234567890A0015 /* LocationService.swift */; };
		1A234567890A0018 /* SubscriptionService.swift in Sources */ = {isa = PBXBuildFile; fileRef = 1A234567890A0017 /* SubscriptionService.swift */; };
		1A234567890A001A /* TimezonePickerView.swift in Sources */ = {isa = PBXBuildFile; fileRef = 1A234567890A0019 /* TimezonePickerView.swift */; };
		1A234567890A001E /* RevenueCatConfig.swift in Sources */ = {isa = PBXBuildFile; fileRef = 1A234567890A001D /* RevenueCatConfig.swift */; };
		1A234567890A0020 /* RevenueCatService.swift in Sources */ = {isa = PBXBuildFile; fileRef = 1A234567890A001F /* RevenueCatService.swift */; };
		1A234567890A0022 /* SubscriptionService_RevenueCat.swift in Sources */ = {isa = PBXBuildFile; fileRef = 1A234567890A0021 /* SubscriptionService_RevenueCat.swift */; };
		1A234567890A0024 /* SubscriptionTestView.swift in Sources */ = {isa = PBXBuildFile; fileRef = 1A234567890A0023 /* SubscriptionTestView.swift */; };
		4E1D39342E4916E100638509 /* RevenueCat in Frameworks */ = {isa = PBXBuildFile; productRef = 4E1D39372E4916E100638509 /* RevenueCat */; };
		4E1D39352E4916E100638509 /* RevenueCatUI in Frameworks */ = {isa = PBXBuildFile; productRef = 4E1D39382E4916E100638509 /* RevenueCatUI */; };
		4E1D393C2E4916FE00638509 /* StoreKit.framework in Frameworks */ = {isa = PBXBuildFile; fileRef = 4E1D393B2E4916FE00638509 /* StoreKit.framework */; };
		4ECC44D92E46FF3C008B84CC /* GoogleMobileAds in Frameworks */ = {isa = PBXBuildFile; productRef = 4ECC44D82E46FF3C008B84CC /* GoogleMobileAds */; };
/* End PBXBuildFile section */

/* Begin PBXFileReference section */
		1A234567890A0000 /* EventAIApp.swift */ = {isa = PBXFileReference; lastKnownFileType = sourcecode.swift; path = EventAIApp.swift; sourceTree = "<group>"; };
		1A234567890A0002 /* ContentView.swift */ = {isa = PBXFileReference; lastKnownFileType = sourcecode.swift; path = ContentView.swift; sourceTree = "<group>"; };
		1A234567890A0004 /* Assets.xcassets */ = {isa = PBXFileReference; lastKnownFileType = folder.assetcatalog; path = Assets.xcassets; sourceTree = "<group>"; };
		1A234567890A0007 /* Preview Assets.xcassets */ = {isa = PBXFileReference; lastKnownFileType = folder.assetcatalog; path = "Preview Assets.xcassets"; sourceTree = "<group>"; };
		1A234567890A000F /* APIService.swift */ = {isa = PBXFileReference; lastKnownFileType = sourcecode.swift; path = APIService.swift; sourceTree = "<group>"; };
		1A234567890A0011 /* CalendarService.swift */ = {isa = PBXFileReference; lastKnownFileType = sourcecode.swift; path = CalendarService.swift; sourceTree = "<group>"; };
		1A234567890A0013 /* AdService.swift */ = {isa = PBXFileReference; lastKnownFileType = sourcecode.swift; path = AdService.swift; sourceTree = "<group>"; };
		1A234567890A0015 /* LocationService.swift */ = {isa = PBXFileReference; lastKnownFileType = sourcecode.swift; path = LocationService.swift; sourceTree = "<group>"; };
		1A234567890A0017 /* SubscriptionService.swift */ = {isa = PBXFileReference; lastKnownFileType = sourcecode.swift; path = SubscriptionService.swift; sourceTree = "<group>"; };
		1A234567890A0019 /* TimezonePickerView.swift */ = {isa = PBXFileReference; lastKnownFileType = sourcecode.swift; path = TimezonePickerView.swift; sourceTree = "<group>"; };
		1A234567890A001B /* Info.plist */ = {isa = PBXFileReference; lastKnownFileType = text.plist.xml; path = Info.plist; sourceTree = "<group>"; };
		1A234567890A001D /* RevenueCatConfig.swift */ = {isa = PBXFileReference; lastKnownFileType = sourcecode.swift; path = RevenueCatConfig.swift; sourceTree = "<group>"; };
		1A234567890A001F /* RevenueCatService.swift */ = {isa = PBXFileReference; lastKnownFileType = sourcecode.swift; path = RevenueCatService.swift; sourceTree = "<group>"; };
		1A234567890A0021 /* SubscriptionService_RevenueCat.swift */ = {isa = PBXFileReference; lastKnownFileType = sourcecode.swift; path = SubscriptionService_RevenueCat.swift; sourceTree = "<group>"; };
		1A234567890A0023 /* SubscriptionTestView.swift */ = {isa = PBXFileReference; lastKnownFileType = sourcecode.swift; path = SubscriptionTestView.swift; sourceTree = "<group>"; };
		1A234567890AFFFD /* EventAI.app */ = {isa = PBXFileReference; explicitFileType = wrapper.application; includeInIndex = 0; path = EventAI.app; sourceTree = BUILT_PRODUCTS_DIR; };
		4E1D393B2E4916FE00638509 /* StoreKit.framework */ = {isa = PBXFileReference; lastKnownFileType = wrapper.framework; name = StoreKit.framework; path = System/Library/Frameworks/StoreKit.framework; sourceTree = SDKROOT; };
/* End PBXFileReference section */

/* Begin PBXFrameworksBuildPhase section */
		1A234567890AFFFA /* Frameworks */ = {
			isa = PBXFrameworksBuildPhase;
			buildActionMask = 2147483647;
			files = (
				4ECC44D92E46FF3C008B84CC /* GoogleMobileAds in Frameworks */,
				4E1D393C2E4916FE00638509 /* StoreKit.framework in Frameworks */,
				4E1D39342E4916E100638509 /* RevenueCat in Frameworks */,
				4E1D39352E4916E100638509 /* RevenueCatUI in Frameworks */,
			);
			runOnlyForDeploymentPostprocessing = 0;
		};
/* End PBXFrameworksBuildPhase section */

/* Begin PBXGroup section */
		1A234567890A0006 /* Preview Content */ = {
			isa = PBXGroup;
			children = (
				1A234567890A0007 /* Preview Assets.xcassets */,
			);
			path = "Preview Content";
			sourceTree = "<group>";
		};
		1A234567890A000E /* Services */ = {
			isa = PBXGroup;
			children = (
				1A234567890A000F /* APIService.swift */,
				1A234567890A0011 /* CalendarService.swift */,
				1A234567890A0013 /* AdService.swift */,
				1A234567890A0015 /* LocationService.swift */,
				1A234567890A0017 /* SubscriptionService.swift */,
				1A234567890A001F /* RevenueCatService.swift */,
				1A234567890A0021 /* SubscriptionService_RevenueCat.swift */,
			);
			path = Services;
			sourceTree = "<group>";
		};
		1A234567890A001C /* Views */ = {
			isa = PBXGroup;
			children = (
				1A234567890A0019 /* TimezonePickerView.swift */,
				1A234567890A0023 /* SubscriptionTestView.swift */,
			);
			path = Views;
			sourceTree = "<group>";
		};
		1A234567890AFFF4 = {
			isa = PBXGroup;
			children = (
				1A234567890AFFFF /* EventAI */,
				4E1D393A2E4916FE00638509 /* Frameworks */,
				1A234567890AFFFE /* Products */,
			);
			sourceTree = "<group>";
		};
		1A234567890AFFFE /* Products */ = {
			isa = PBXGroup;
			children = (
				1A234567890AFFFD /* EventAI.app */,
			);
			name = Products;
			sourceTree = "<group>";
		};
		1A234567890AFFFF /* EventAI */ = {
			isa = PBXGroup;
			children = (
				1A234567890A0000 /* EventAIApp.swift */,
				1A234567890A0002 /* ContentView.swift */,
				1A234567890A000E /* Services */,
				1A234567890A001C /* Views */,
				1A234567890A0025 /* Config */,
				1A234567890A0004 /* Assets.xcassets */,
				1A234567890A001B /* Info.plist */,
				1A234567890A0006 /* Preview Content */,
			);
			path = EventAI;
			sourceTree = "<group>";
		};
		1A234567890A0025 /* Config */ = {
			isa = PBXGroup;
			children = (
				1A234567890A001D /* RevenueCatConfig.swift */,
			);
			path = Config;
			sourceTree = "<group>";
		};
		4E1D393A2E4916FE00638509 /* Frameworks */ = {
			isa = PBXGroup;
			children = (
				4E1D393B2E4916FE00638509 /* StoreKit.framework */,
			);
			name = Frameworks;
			sourceTree = "<group>";
		};
/* End PBXGroup section */

/* Begin PBXNativeTarget section */
		1A234567890AFFFC /* EventAI */ = {
			isa = PBXNativeTarget;
			buildConfigurationList = 1A234567890A000B /* Build configuration list for PBXNativeTarget "EventAI" */;
			buildPhases = (
				1A234567890AFFF9 /* Sources */,
				1A234567890AFFFA /* Frameworks */,
				1A234567890AFFFB /* Resources */,
			);
			buildRules = (
			);
			dependencies = (
			);
			name = EventAI;
			productName = EventAI;
			productReference = 1A234567890AFFFD /* EventAI.app */;
			productType = "com.apple.product-type.application";
		};
/* End PBXNativeTarget section */

/* Begin PBXProject section */
		1A234567890AFFF5 /* Project object */ = {
			isa = PBXProject;
			attributes = {
				BuildIndependentTargetsInParallel = 1;
				LastSwiftUpdateCheck = 1540;
				LastUpgradeCheck = 1540;
				TargetAttributes = {
					1A234567890AFFFC = {
						CreatedOnToolsVersion = 15.4;
					};
				};
			};
			buildConfigurationList = 1A234567890AFFF8 /* Build configuration list for PBXProject "EventAI" */;
			compatibilityVersion = "Xcode 14.0";
			developmentRegion = en;
			hasScannedForEncodings = 0;
			knownRegions = (
				en,
				Base,
			);
			mainGroup = 1A234567890AFFF4;
			packageReferences = (
				4ECC44D72E46FF3C008B84CC /* XCRemoteSwiftPackageReference "swift-package-manager-google-mobile-ads" */,
				4E1D39392E4916E100638509 /* XCRemoteSwiftPackageReference "purchases-ios-spm" */,
			);
			productRefGroup = 1A234567890AFFFE /* Products */;
			projectDirPath = "";
			projectRoot = "";
			targets = (
				1A234567890AFFFC /* EventAI */,
			);
		};
/* End PBXProject section */

/* Begin PBXResourcesBuildPhase section */
		1A234567890AFFFB /* Resources */ = {
			isa = PBXResourcesBuildPhase;
			buildActionMask = 2147483647;
			files = (
				1A234567890A0008 /* Preview Assets.xcassets in Resources */,
				1A234567890A0005 /* Assets.xcassets in Resources */,
			);
			runOnlyForDeploymentPostprocessing = 0;
		};
/* End PBXResourcesBuildPhase section */

/* Begin PBXSourcesBuildPhase section */
		1A234567890AFFF9 /* Sources */ = {
			isa = PBXSourcesBuildPhase;
			buildActionMask = 2147483647;
			files = (
				1A234567890A0003 /* ContentView.swift in Sources */,
				1A234567890A0010 /* APIService.swift in Sources */,
				1A234567890A0012 /* CalendarService.swift in Sources */,
				1A234567890A0014 /* AdService.swift in Sources */,
				1A234567890A0016 /* LocationService.swift in Sources */,
				1A234567890A0018 /* SubscriptionService.swift in Sources */,
				1A234567890A001A /* TimezonePickerView.swift in Sources */,
				1A234567890A001E /* RevenueCatConfig.swift in Sources */,
				1A234567890A0020 /* RevenueCatService.swift in Sources */,
				1A234567890A0022 /* SubscriptionService_RevenueCat.swift in Sources */,
				1A234567890A0024 /* SubscriptionTestView.swift in Sources */,
				1A234567890A0001 /* EventAIApp.swift in Sources */,
			);
			runOnlyForDeploymentPostprocessing = 0;
		};
/* End PBXSourcesBuildPhase section */

/* Begin XCBuildConfiguration section */
		1A234567890A0009 /* Debug */ = {
			isa = XCBuildConfiguration;
			buildSettings = {
				ALWAYS_SEARCH_USER_PATHS = NO;
				ASSETCATALOG_COMPILER_GENERATE_SWIFT_ASSET_SYMBOL_EXTENSIONS = YES;
				CLANG_ANALYZER_NONNULL = YES;
				CLANG_ANALYZER_NUMBER_OBJECT_CONVERSION = YES_AGGRESSIVE;
				CLANG_CXX_LANGUAGE_STANDARD = "gnu++20";
				CLANG_ENABLE_MODULES = YES;
				CLANG_ENABLE_OBJC_ARC = YES;
				CLANG_ENABLE_OBJC_WEAK = YES;
				CLANG_WARN_BLOCK_CAPTURE_AUTORELEASING = YES;
				CLANG_WARN_BOOL_CONVERSION = YES;
				CLANG_WARN_COMMA = YES;
				CLANG_WARN_CONSTANT_CONVERSION = YES;
				CLANG_WARN_DEPRECATED_OBJC_IMPLEMENTATIONS = YES;
				CLANG_WARN_DIRECT_OBJC_ISA_USAGE = YES_ERROR;
				CLANG_WARN_DOCUMENTATION_COMMENTS = YES;
				CLANG_WARN_EMPTY_BODY = YES;
				CLANG_WARN_ENUM_CONVERSION = YES;
				CLANG_WARN_INFINITE_RECURSION = YES;
				CLANG_WARN_INT_CONVERSION = YES;
				CLANG_WARN_NON_LITERAL_NULL_CONVERSION = YES;
				CLANG_WARN_OBJC_IMPLICIT_RETAIN_SELF = YES;
				CLANG_WARN_OBJC_LITERAL_CONVERSION = YES;
				CLANG_WARN_OBJC_ROOT_CLASS = YES_ERROR;
				CLANG_WARN_QUOTED_INCLUDE_IN_FRAMEWORK_HEADER = YES;
				CLANG_WARN_RANGE_LOOP_ANALYSIS = YES;
				CLANG_WARN_STRICT_PROTOTYPES = YES;
				CLANG_WARN_SUSPICIOUS_MOVE = YES;
				CLANG_WARN_UNGUARDED_AVAILABILITY = YES_AGGRESSIVE;
				CLANG_WARN_UNREACHABLE_CODE = YES;
				CLANG_WARN__DUPLICATE_METHOD_MATCH = YES;
				COPY_PHASE_STRIP = NO;
				DEBUG_INFORMATION_FORMAT = dwarf;
				ENABLE_STRICT_OBJC_MSGSEND = YES;
				ENABLE_TESTABILITY = YES;
				ENABLE_USER_SCRIPT_SANDBOXING = YES;
				GCC_C_LANGUAGE_STANDARD = gnu17;
				GCC_DYNAMIC_NO_PIC = NO;
				GCC_NO_COMMON_BLOCKS = YES;
				GCC_OPTIMIZATION_LEVEL = 0;
				GCC_PREPROCESSOR_DEFINITIONS = (
					"DEBUG=1",
					"$(inherited)",
				);
				GCC_WARN_64_TO_32_BIT_CONVERSION = YES;
				GCC_WARN_ABOUT_RETURN_TYPE = YES_ERROR;
				GCC_WARN_UNDECLARED_SELECTOR = YES;
				GCC_WARN_UNINITIALIZED_AUTOS = YES_AGGRESSIVE;
				GCC_WARN_UNUSED_FUNCTION = YES;
				GCC_WARN_UNUSED_VARIABLE = YES;
				IPHONEOS_DEPLOYMENT_TARGET = 17.5;
				LOCALIZATION_PREFERS_STRING_CATALOGS = YES;
				MTL_ENABLE_DEBUG_INFO = INCLUDE_SOURCE;
				MTL_FAST_MATH = YES;
				ONLY_ACTIVE_ARCH = YES;
				SDKROOT = iphoneos;
				SWIFT_ACTIVE_COMPILATION_CONDITIONS = "DEBUG $(inherited)";
				SWIFT_OPTIMIZATION_LEVEL = "-Onone";
			};
			name = Debug;
		};
		1A234567890A000A /* Release */ = {
			isa = XCBuildConfiguration;
			buildSettings = {
				ALWAYS_SEARCH_USER_PATHS = NO;
				ASSETCATALOG_COMPILER_GENERATE_SWIFT_ASSET_SYMBOL_EXTENSIONS = YES;
				CLANG_ANALYZER_NONNULL = YES;
				CLANG_ANALYZER_NUMBER_OBJECT_CONVERSION = YES_AGGRESSIVE;
				CLANG_CXX_LANGUAGE_STANDARD = "gnu++20";
				CLANG_ENABLE_MODULES = YES;
				CLANG_ENABLE_OBJC_ARC = YES;
				CLANG_ENABLE_OBJC_WEAK = YES;
				CLANG_WARN_BLOCK_CAPTURE_AUTORELEASING = YES;
				CLANG_WARN_BOOL_CONVERSION = YES;
				CLANG_WARN_COMMA = YES;
				CLANG_WARN_CONSTANT_CONVERSION = YES;
				CLANG_WARN_DEPRECATED_OBJC_IMPLEMENTATIONS = YES;
				CLANG_WARN_DIRECT_OBJC_ISA_USAGE = YES_ERROR;
				CLANG_WARN_DOCUMENTATION_COMMENTS = YES;
				CLANG_WARN_EMPTY_BODY = YES;
				CLANG_WARN_ENUM_CONVERSION = YES;
				CLANG_WARN_INFINITE_RECURSION = YES;
				CLANG_WARN_INT_CONVERSION = YES;
				CLANG_WARN_NON_LITERAL_NULL_CONVERSION = YES;
				CLANG_WARN_OBJC_IMPLICIT_RETAIN_SELF = YES;
				CLANG_WARN_OBJC_LITERAL_CONVERSION = YES;
				CLANG_WARN_OBJC_ROOT_CLASS = YES_ERROR;
				CLANG_WARN_QUOTED_INCLUDE_IN_FRAMEWORK_HEADER = YES;
				CLANG_WARN_RANGE_LOOP_ANALYSIS = YES;
				CLANG_WARN_STRICT_PROTOTYPES = YES;
				CLANG_WARN_SUSPICIOUS_MOVE = YES;
				CLANG_WARN_UNGUARDED_AVAILABILITY = YES_AGGRESSIVE;
				CLANG_WARN_UNREACHABLE_CODE = YES;
				CLANG_WARN__DUPLICATE_METHOD_MATCH = YES;
				COPY_PHASE_STRIP = NO;
				DEBUG_INFORMATION_FORMAT = "dwarf-with-dsym";
				ENABLE_NS_ASSERTIONS = NO;
				ENABLE_STRICT_OBJC_MSGSEND = YES;
				ENABLE_USER_SCRIPT_SANDBOXING = YES;
				GCC_C_LANGUAGE_STANDARD = gnu17;
				GCC_NO_COMMON_BLOCKS = YES;
				GCC_WARN_64_TO_32_BIT_CONVERSION = YES;
				GCC_WARN_ABOUT_RETURN_TYPE = YES_ERROR;
				GCC_WARN_UNDECLARED_SELECTOR = YES;
				GCC_WARN_UNINITIALIZED_AUTOS = YES_AGGRESSIVE;
				GCC_WARN_UNUSED_FUNCTION = YES;
				GCC_WARN_UNUSED_VARIABLE = YES;
				IPHONEOS_DEPLOYMENT_TARGET = 17.5;
				LOCALIZATION_PREFERS_STRING_CATALOGS = YES;
				MTL_ENABLE_DEBUG_INFO = NO;
				MTL_FAST_MATH = YES;
				SDKROOT = iphoneos;
				SWIFT_COMPILATION_MODE = wholemodule;
				VALIDATE_PRODUCT = YES;
			};
			name = Release;
		};
		1A234567890A000C /* Debug */ = {
			isa = XCBuildConfiguration;
			buildSettings = {
				ASSETCATALOG_COMPILER_APPICON_NAME = AppIcon;
				ASSETCATALOG_COMPILER_GLOBAL_ACCENT_COLOR_NAME = AccentColor;
				CODE_SIGN_STYLE = Automatic;
				CURRENT_PROJECT_VERSION = 1;
				DEVELOPMENT_ASSET_PATHS = "\"EventAI/Preview Content\"";
				DEVELOPMENT_TEAM = D8R2VUC2Y3;
				ENABLE_PREVIEWS = YES;
				GENERATE_INFOPLIST_FILE = YES;
				INFOPLIST_FILE = EventAI/Info.plist;
				INFOPLIST_KEY_NSCalendarsUsageDescription = "EventAI needs access to your calendar to add events created from text.";
				INFOPLIST_KEY_UIApplicationSceneManifest_Generation = YES;
				INFOPLIST_KEY_UIApplicationSupportsIndirectInputEvents = YES;
				INFOPLIST_KEY_UILaunchScreen_Generation = YES;
				INFOPLIST_KEY_UISupportedInterfaceOrientations_iPad = "UIInterfaceOrientationPortrait UIInterfaceOrientationPortraitUpsideDown UIInterfaceOrientationLandscapeLeft UIInterfaceOrientationLandscapeRight";
				INFOPLIST_KEY_UISupportedInterfaceOrientations_iPhone = "UIInterfaceOrientationPortrait UIInterfaceOrientationLandscapeLeft UIInterfaceOrientationLandscapeRight";
				LD_RUNPATH_SEARCH_PATHS = (
					"$(inherited)",
					"@executable_path/Frameworks",
				);
				MARKETING_VERSION = 1.0;
				PRODUCT_BUNDLE_IDENTIFIER = com.leveluplife.eventai;
				PRODUCT_NAME = "$(TARGET_NAME)";
				SWIFT_EMIT_LOC_STRINGS = YES;
				SWIFT_VERSION = 5.0;
				TARGETED_DEVICE_FAMILY = "1,2";
			};
			name = Debug;
		};
		1A234567890A000D /* Release */ = {
			isa = XCBuildConfiguration;
			buildSettings = {
				ASSETCATALOG_COMPILER_APPICON_NAME = AppIcon;
				ASSETCATALOG_COMPILER_GLOBAL_ACCENT_COLOR_NAME = AccentColor;
				CODE_SIGN_STYLE = Automatic;
				CURRENT_PROJECT_VERSION = 1;
				DEVELOPMENT_ASSET_PATHS = "\"EventAI/Preview Content\"";
				DEVELOPMENT_TEAM = D8R2VUC2Y3;
				ENABLE_PREVIEWS = YES;
				GENERATE_INFOPLIST_FILE = YES;
				INFOPLIST_FILE = EventAI/Info.plist;
				INFOPLIST_KEY_NSCalendarsUsageDescription = "EventAI needs access to your calendar to add events created from text.";
				INFOPLIST_KEY_UIApplicationSceneManifest_Generation = YES;
				INFOPLIST_KEY_UIApplicationSupportsIndirectInputEvents = YES;
				INFOPLIST_KEY_UILaunchScreen_Generation = YES;
				INFOPLIST_KEY_UISupportedInterfaceOrientations_iPad = "UIInterfaceOrientationPortrait UIInterfaceOrientationPortraitUpsideDown UIInterfaceOrientationLandscapeLeft UIInterfaceOrientationLandscapeRight";
				INFOPLIST_KEY_UISupportedInterfaceOrientations_iPhone = "UIInterfaceOrientationPortrait UIInterfaceOrientationLandscapeLeft UIInterfaceOrientationLandscapeRight";
				LD_RUNPATH_SEARCH_PATHS = (
					"$(inherited)",
					"@executable_path/Frameworks",
				);
				MARKETING_VERSION = 1.0;
				PRODUCT_BUNDLE_IDENTIFIER = com.leveluplife.eventai;
				PRODUCT_NAME = "$(TARGET_NAME)";
				SWIFT_EMIT_LOC_STRINGS = YES;
				SWIFT_VERSION = 5.0;
				TARGETED_DEVICE_FAMILY = "1,2";
			};
			name = Release;
		};
/* End XCBuildConfiguration section */

/* Begin XCConfigurationList section */
		1A234567890A000B /* Build configuration list for PBXNativeTarget "EventAI" */ = {
			isa = XCConfigurationList;
			buildConfigurations = (
				1A234567890A000C /* Debug */,
				1A234567890A000D /* Release */,
			);
			defaultConfigurationIsVisible = 0;
			defaultConfigurationName = Release;
		};
		1A234567890AFFF8 /* Build configuration list for PBXProject "EventAI" */ = {
			isa = XCConfigurationList;
			buildConfigurations = (
				1A234567890A0009 /* Debug */,
				1A234567890A000A /* Release */,
			);
			defaultConfigurationIsVisible = 0;
			defaultConfigurationName = Release;
		};
/* End XCConfigurationList section */

/* Begin XCRemoteSwiftPackageReference section */
		4E1D39392E4916E100638509 /* XCRemoteSwiftPackageReference "purchases-ios-spm" */ = {
			isa = XCRemoteSwiftPackageReference;
			repositoryURL = "https://github.com/RevenueCat/purchases-ios-spm.git";
			requirement = {
				kind = upToNextMajorVersion;
				minimumVersion = 5.34.0;
			};
		};
		4ECC44D72E46FF3C008B84CC /* XCRemoteSwiftPackageReference "swift-package-manager-google-mobile-ads" */ = {
			isa = XCRemoteSwiftPackageReference;
			repositoryURL = "https://github.com/googleads/swift-package-manager-google-mobile-ads.git";
			requirement = {
				kind = upToNextMajorVersion;
				minimumVersion = 12.8.0;
			};
		};
/* End XCRemoteSwiftPackageReference section */

/* Begin XCSwiftPackageProductDependency section */
		4E1D39372E4916E100638509 /* RevenueCat */ = {
			isa = XCSwiftPackageProductDependency;
			package = 4E1D39392E4916E100638509 /* XCRemoteSwiftPackageReference "purchases-ios-spm" */;
			productName = RevenueCat;
		};
		4E1D39382E4916E100638509 /* RevenueCatUI */ = {
			isa = XCSwiftPackageProductDependency;
			package = 4E1D39392E4916E100638509 /* XCRemoteSwiftPackageReference "purchases-ios-spm" */;
			productName = RevenueCatUI;
		};
		4ECC44D82E46FF3C008B84CC /* GoogleMobileAds */ = {
			isa = XCSwiftPackageProductDependency;
			package = 4ECC44D72E46FF3C008B84CC /* XCRemoteSwiftPackageReference "swift-package-manager-google-mobile-ads" */;
			productName = GoogleMobileAds;
		};
/* End XCSwiftPackageProductDependency section */
	};
	rootObject = 1A234567890AFFF5 /* Project object */;
}
